
Microsoft Visual Studio Solution File, Format Version 12.00
# Visual Studio Version 17
VisualStudioVersion = 17.4.33205.214
MinimumVisualStudioVersion = 10.0.40219.1
Project("{9A19103F-16F7-4668-BE54-9A1E7A4F7556}") = "BookApp", "BookApp.csproj", "{89292B65-8943-49FB-88E3-35B34FE867F0}"
EndProject
Project("{FAE04EC0-301F-11D3-BF4B-00C04F79EFBC}") = "Tests", "..\Tests\Tests.csproj", "{F250EAA0-BD3A-451A-BCFC-9B8FD537FED2}"
EndProject
Global
	GlobalSection(SolutionConfigurationPlatforms) = preSolution
		Debug|Any CPU = Debug|Any CPU
		Release|Any CPU = Release|Any CPU
	EndGlobalSection
	GlobalSection(ProjectConfigurationPlatforms) = postSolution
		{89292B65-8943-49FB-88E3-35B34FE867F0}.Debug|Any CPU.ActiveCfg = Debug|Any CPU
		{89292B65-8943-49FB-88E3-35B34FE867F0}.Debug|Any CPU.Build.0 = Debug|Any CPU
		{89292B65-8943-49FB-88E3-35B34FE867F0}.Release|Any CPU.ActiveCfg = Release|Any CPU
		{89292B65-8943-49FB-88E3-35B34FE867F0}.Release|Any CPU.Build.0 = Release|Any CPU
		{F250EAA0-BD3A-451A-BCFC-9B8FD537FED2}.Debug|Any CPU.ActiveCfg = Debug|Any CPU
		{F250EAA0-BD3A-451A-BCFC-9B8FD537FED2}.Debug|Any CPU.Build.0 = Debug|Any CPU
		{F250EAA0-BD3A-451A-BCFC-9B8FD537FED2}.Release|Any CPU.ActiveCfg = Release|Any CPU
		{F250EAA0-BD3A-451A-BCFC-9B8FD537FED2}.Release|Any CPU.Build.0 = Release|Any CPU
	EndGlobalSection
	GlobalSection(SolutionProperties) = preSolution
		HideSolutionNode = FALSE
	EndGlobalSection
	GlobalSection(ExtensibilityGlobals) = postSolution
		SolutionGuid = {F2BD5243-7FD1-44A6-A596-FCDB9AC1B1DA}
	EndGlobalSection
EndGlobal
